
Microsoft Visual Studio Solution File, Format Version 12.00
# Visual Studio Version 17
VisualStudioVersion = 17.9.34902.65
MinimumVisualStudioVersion = 10.0.40219.1
Project("{FAE04EC0-301F-11D3-BF4B-00C04F79EFBC}") = "BackgroundChanger", "BackgroundChanger.csproj", "{A82B886D-1925-4C82-B5FE-5C82F29034EE}"
EndProject
Global
	GlobalSection(SolutionConfigurationPlatforms) = preSolution
		Debug|Any CPU = Debug|Any CPU
		Release|Any CPU = Release|Any CPU
	EndGlobalSection
	GlobalSection(ProjectConfigurationPlatforms) = postSolution
		{A82B886D-1925-4C82-B5FE-5C82F29034EE}.Debug|Any CPU.ActiveCfg = Debug|Any CPU
		{A82B886D-1925-4C82-B5FE-5C82F29034EE}.Debug|Any CPU.Build.0 = Debug|Any CPU
		{A82B886D-1925-4C82-B5FE-5C82F29034EE}.Release|Any CPU.ActiveCfg = Release|Any CPU
		{A82B886D-1925-4C82-B5FE-5C82F29034EE}.Release|Any CPU.Build.0 = Release|Any CPU
	EndGlobalSection
	GlobalSection(SolutionProperties) = preSolution
		HideSolutionNode = FALSE
	EndGlobalSection
	GlobalSection(ExtensibilityGlobals) = postSolution
		SolutionGuid = {77C18AED-42E9-47EB-A0C5-3E8270D83574}
	EndGlobalSection
EndGlobal
